PODS:
  - JSQSystemSoundPlayer (3.0.0)
  - Masonry (0.6.1)
  - OCMock (3.1.2)

DEPENDENCIES:
  - JSQSystemSoundPlayer
  - Masonry
  - OCMock

SPEC CHECKSUMS:
  JSQSystemSoundPlayer: d4878a52611c97c82eff097d0c7dd5afad73457b
  Masonry: 4972309f2f134de9dd312f4dc4a21359b50e6caa
  OCMock: a10ea9f0a6e921651f96f78b6faee95ebc813b92

COCOAPODS: 0.37.1
